
Microsoft Visual Studio Solution File, Format Version 12.00
# Visual Studio Version 17
VisualStudioVersion = 17.1.32414.318
MinimumVisualStudioVersion = 10.0.40219.1
Project("{2150E333-8FDC-42A3-9474-1A3956D46DE8}") = "1 - Application", "1 - Application", "{964488F4-F4A0-4F90-A9C3-B19591468041}"
EndProject
Project("{2150E333-8FDC-42A3-9474-1A3956D46DE8}") = "2 - Infra", "2 - Infra", "{1E229075-9A6D-4494-839F-4CFC610EDD44}"
EndProject
Project("{9A19103F-16F7-4668-BE54-9A1E7A4F7556}") = "Infra", "Infra\Infra.csproj", "{AE1361E1-8D41-42F0-9764-4B96179EFD32}"
EndProject
Project("{9A19103F-16F7-4668-BE54-9A1E7A4F7556}") = "Application", "Application\Application.csproj", "{040235B4-9700-4B41-9DEF-37E0A4B3C553}"
EndProject
Global
	GlobalSection(SolutionConfigurationPlatforms) = preSolution
		Debug|Any CPU = Debug|Any CPU
		Release|Any CPU = Release|Any CPU
	EndGlobalSection
	GlobalSection(ProjectConfigurationPlatforms) = postSolution
		{AE1361E1-8D41-42F0-9764-4B96179EFD32}.Debug|Any CPU.ActiveCfg = Debug|Any CPU
		{AE1361E1-8D41-42F0-9764-4B96179EFD32}.Debug|Any CPU.Build.0 = Debug|Any CPU
		{AE1361E1-8D41-42F0-9764-4B96179EFD32}.Release|Any CPU.ActiveCfg = Release|Any CPU
		{AE1361E1-8D41-42F0-9764-4B96179EFD32}.Release|Any CPU.Build.0 = Release|Any CPU
		{040235B4-9700-4B41-9DEF-37E0A4B3C553}.Debug|Any CPU.ActiveCfg = Debug|Any CPU
		{040235B4-9700-4B41-9DEF-37E0A4B3C553}.Debug|Any CPU.Build.0 = Debug|Any CPU
		{040235B4-9700-4B41-9DEF-37E0A4B3C553}.Release|Any CPU.ActiveCfg = Release|Any CPU
		{040235B4-9700-4B41-9DEF-37E0A4B3C553}.Release|Any CPU.Build.0 = Release|Any CPU
	EndGlobalSection
	GlobalSection(SolutionProperties) = preSolution
		HideSolutionNode = FALSE
	EndGlobalSection
	GlobalSection(NestedProjects) = preSolution
		{AE1361E1-8D41-42F0-9764-4B96179EFD32} = {1E229075-9A6D-4494-839F-4CFC610EDD44}
		{040235B4-9700-4B41-9DEF-37E0A4B3C553} = {964488F4-F4A0-4F90-A9C3-B19591468041}
	EndGlobalSection
	GlobalSection(ExtensibilityGlobals) = postSolution
		SolutionGuid = {903BC8F6-3E43-4260-81E5-734CC9DFAA1D}
	EndGlobalSection
EndGlobal
